
Microsoft Visual Studio Solution File, Format Version 12.00
# Visual Studio Version 17
VisualStudioVersion = 17.0.32014.148
MinimumVisualStudioVersion = 10.0.40219.1
Project("{FAE04EC0-301F-11D3-BF4B-00C04F79EFBC}") = "BooksAndAudiobooksRental", "BooksAndAudiobooksRental\BooksAndAudiobooksRental.csproj", "{92F6543B-DE79-4EF4-AE13-5B6463634024}"
EndProject
Global
	GlobalSection(SolutionConfigurationPlatforms) = preSolution
		Debug|Any CPU = Debug|Any CPU
		Release|Any CPU = Release|Any CPU
	EndGlobalSection
	GlobalSection(ProjectConfigurationPlatforms) = postSolution
		{92F6543B-DE79-4EF4-AE13-5B6463634024}.Debug|Any CPU.ActiveCfg = Debug|Any CPU
		{92F6543B-DE79-4EF4-AE13-5B6463634024}.Debug|Any CPU.Build.0 = Debug|Any CPU
		{92F6543B-DE79-4EF4-AE13-5B6463634024}.Release|Any CPU.ActiveCfg = Release|Any CPU
		{92F6543B-DE79-4EF4-AE13-5B6463634024}.Release|Any CPU.Build.0 = Release|Any CPU
	EndGlobalSection
	GlobalSection(SolutionProperties) = preSolution
		HideSolutionNode = FALSE
	EndGlobalSection
	GlobalSection(ExtensibilityGlobals) = postSolution
		SolutionGuid = {262072AF-8550-4EBC-A106-B4BD922C7EBA}
	EndGlobalSection
EndGlobal
